
Microsoft Visual Studio Solution File, Format Version 12.00
# Visual Studio Version 16
VisualStudioVersion = 25.0.1705.3
MinimumVisualStudioVersion = 10.0.40219.1
Project("{FAE04EC0-301F-11D3-BF4B-00C04F79EFBC}") = "AzieKitchen.Android", "AzieKitchen\AzieKitchen.Android\AzieKitchen.Android.csproj", "{141832DD-2F4D-49D5-A8BD-076A9E4C9405}"
EndProject
Project("{FAE04EC0-301F-11D3-BF4B-00C04F79EFBC}") = "AzieKitchen.iOS", "AzieKitchen\AzieKitchen.iOS\AzieKitchen.iOS.csproj", "{65CB509E-887A-4D1D-9969-89CFB41B8916}"
EndProject
Project("{FAE04EC0-301F-11D3-BF4B-00C04F79EFBC}") = "AzieKitchen", "AzieKitchen\AzieKitchen\AzieKitchen.csproj", "{FE9A47FA-8937-4D04-9496-F40F323E9B4D}"
EndProject
Global
	GlobalSection(SolutionConfigurationPlatforms) = preSolution
		Debug|Any CPU = Debug|Any CPU
		Release|Any CPU = Release|Any CPU
		Debug|iPhoneSimulator = Debug|iPhoneSimulator
		Release|iPhoneSimulator = Release|iPhoneSimulator
		Debug|iPhone = Debug|iPhone
		Release|iPhone = Release|iPhone
	EndGlobalSection
	GlobalSection(ProjectConfigurationPlatforms) = postSolution
		{141832DD-2F4D-49D5-A8BD-076A9E4C9405}.Debug|Any CPU.ActiveCfg = Debug|Any CPU
		{141832DD-2F4D-49D5-A8BD-076A9E4C9405}.Debug|Any CPU.Build.0 = Debug|Any CPU
		{141832DD-2F4D-49D5-A8BD-076A9E4C9405}.Release|Any CPU.ActiveCfg = Release|Any CPU
		{141832DD-2F4D-49D5-A8BD-076A9E4C9405}.Release|Any CPU.Build.0 = Release|Any CPU
		{141832DD-2F4D-49D5-A8BD-076A9E4C9405}.Debug|iPhoneSimulator.ActiveCfg = Debug|Any CPU
		{141832DD-2F4D-49D5-A8BD-076A9E4C9405}.Debug|iPhoneSimulator.Build.0 = Debug|Any CPU
		{141832DD-2F4D-49D5-A8BD-076A9E4C9405}.Release|iPhoneSimulator.ActiveCfg = Release|Any CPU
		{141832DD-2F4D-49D5-A8BD-076A9E4C9405}.Release|iPhoneSimulator.Build.0 = Release|Any CPU
		{141832DD-2F4D-49D5-A8BD-076A9E4C9405}.Debug|iPhone.ActiveCfg = Debug|Any CPU
		{141832DD-2F4D-49D5-A8BD-076A9E4C9405}.Debug|iPhone.Build.0 = Debug|Any CPU
		{141832DD-2F4D-49D5-A8BD-076A9E4C9405}.Release|iPhone.ActiveCfg = Release|Any CPU
		{141832DD-2F4D-49D5-A8BD-076A9E4C9405}.Release|iPhone.Build.0 = Release|Any CPU
		{65CB509E-887A-4D1D-9969-89CFB41B8916}.Debug|Any CPU.ActiveCfg = Debug|iPhoneSimulator
		{65CB509E-887A-4D1D-9969-89CFB41B8916}.Debug|Any CPU.Build.0 = Debug|iPhoneSimulator
		{65CB509E-887A-4D1D-9969-89CFB41B8916}.Release|Any CPU.ActiveCfg = Release|iPhoneSimulator
		{65CB509E-887A-4D1D-9969-89CFB41B8916}.Release|Any CPU.Build.0 = Release|iPhoneSimulator
		{65CB509E-887A-4D1D-9969-89CFB41B8916}.Debug|iPhoneSimulator.ActiveCfg = Debug|iPhoneSimulator
		{65CB509E-887A-4D1D-9969-89CFB41B8916}.Debug|iPhoneSimulator.Build.0 = Debug|iPhoneSimulator
		{65CB509E-887A-4D1D-9969-89CFB41B8916}.Release|iPhoneSimulator.ActiveCfg = Release|iPhoneSimulator
		{65CB509E-887A-4D1D-9969-89CFB41B8916}.Release|iPhoneSimulator.Build.0 = Release|iPhoneSimulator
		{65CB509E-887A-4D1D-9969-89CFB41B8916}.Debug|iPhone.ActiveCfg = Debug|iPhone
		{65CB509E-887A-4D1D-9969-89CFB41B8916}.Debug|iPhone.Build.0 = Debug|iPhone
		{65CB509E-887A-4D1D-9969-89CFB41B8916}.Release|iPhone.ActiveCfg = Release|iPhone
		{65CB509E-887A-4D1D-9969-89CFB41B8916}.Release|iPhone.Build.0 = Release|iPhone
		{FE9A47FA-8937-4D04-9496-F40F323E9B4D}.Debug|Any CPU.ActiveCfg = Debug|Any CPU
		{FE9A47FA-8937-4D04-9496-F40F323E9B4D}.Debug|Any CPU.Build.0 = Debug|Any CPU
		{FE9A47FA-8937-4D04-9496-F40F323E9B4D}.Release|Any CPU.ActiveCfg = Release|Any CPU
		{FE9A47FA-8937-4D04-9496-F40F323E9B4D}.Release|Any CPU.Build.0 = Release|Any CPU
		{FE9A47FA-8937-4D04-9496-F40F323E9B4D}.Debug|iPhoneSimulator.ActiveCfg = Debug|Any CPU
		{FE9A47FA-8937-4D04-9496-F40F323E9B4D}.Debug|iPhoneSimulator.Build.0 = Debug|Any CPU
		{FE9A47FA-8937-4D04-9496-F40F323E9B4D}.Release|iPhoneSimulator.ActiveCfg = Release|Any CPU
		{FE9A47FA-8937-4D04-9496-F40F323E9B4D}.Release|iPhoneSimulator.Build.0 = Release|Any CPU
		{FE9A47FA-8937-4D04-9496-F40F323E9B4D}.Debug|iPhone.ActiveCfg = Debug|Any CPU
		{FE9A47FA-8937-4D04-9496-F40F323E9B4D}.Debug|iPhone.Build.0 = Debug|Any CPU
		{FE9A47FA-8937-4D04-9496-F40F323E9B4D}.Release|iPhone.ActiveCfg = Release|Any CPU
		{FE9A47FA-8937-4D04-9496-F40F323E9B4D}.Release|iPhone.Build.0 = Release|Any CPU
	EndGlobalSection
	GlobalSection(SolutionProperties) = preSolution
		HideSolutionNode = FALSE
	EndGlobalSection
	GlobalSection(ExtensibilityGlobals) = postSolution
		SolutionGuid = {E5CF016A-40A0-4335-8A0A-66C9ACD0CB39}
	EndGlobalSection
EndGlobal
